
Microsoft Visual Studio Solution File, Format Version 9.00
# Visual C# Express 2005
Project("{FAE04EC0-301F-11D3-BF4B-00C04F79EFBC}") = "DatabaseTest1", "DatabaseTest1\DatabaseTest1.csproj", "{F99997EF-A174-4F65-A889-B391FF85C6D5}"
EndProject
Global
	GlobalSection(SolutionConfigurationPlatforms) = preSolution
		Debug|Any CPU = Debug|Any CPU
		Release|Any CPU = Release|Any CPU
	EndGlobalSection
	GlobalSection(ProjectConfigurationPlatforms) = postSolution
		{F99997EF-A174-4F65-A889-B391FF85C6D5}.Debug|Any CPU.ActiveCfg = Debug|Any CPU
		{F99997EF-A174-4F65-A889-B391FF85C6D5}.Debug|Any CPU.Build.0 = Debug|Any CPU
		{F99997EF-A174-4F65-A889-B391FF85C6D5}.Release|Any CPU.ActiveCfg = Release|Any CPU
		{F99997EF-A174-4F65-A889-B391FF85C6D5}.Release|Any CPU.Build.0 = Release|Any CPU
	EndGlobalSection
	GlobalSection(SolutionProperties) = preSolution
		HideSolutionNode = FALSE
	EndGlobalSection
EndGlobal
