
Microsoft Visual Studio Solution File, Format Version 9.00
# Visual Studio 2005
Project("{FAE04EC0-301F-11D3-BF4B-00C04F79EFBC}") = "Validations", "Validations\Validations.csproj", "{BFB7B7FA-9670-4BCC-B7E5-458DADB50186}"
EndProject
Global
	GlobalSection(SolutionConfigurationPlatforms) = preSolution
		Debug|Any CPU = Debug|Any CPU
		Release|Any CPU = Release|Any CPU
	EndGlobalSection
	GlobalSection(ProjectConfigurationPlatforms) = postSolution
		{BFB7B7FA-9670-4BCC-B7E5-458DADB50186}.Debug|Any CPU.ActiveCfg = Debug|Any CPU
		{BFB7B7FA-9670-4BCC-B7E5-458DADB50186}.Debug|Any CPU.Build.0 = Debug|Any CPU
		{BFB7B7FA-9670-4BCC-B7E5-458DADB50186}.Release|Any CPU.ActiveCfg = Release|Any CPU
		{BFB7B7FA-9670-4BCC-B7E5-458DADB50186}.Release|Any CPU.Build.0 = Release|Any CPU
	EndGlobalSection
	GlobalSection(SolutionProperties) = preSolution
		HideSolutionNode = FALSE
	EndGlobalSection
EndGlobal
