
Microsoft Visual Studio Solution File, Format Version 9.00
# Visual Studio 2005
Project("{F184B08F-C81C-45F6-A57F-5ABD9991F28F}") = "FirstTestPartI", "FirstTestPartI\FirstTestPartI.vbproj", "{41586873-21BC-4B4B-8E28-8DA4821E9E21}"
EndProject
Global
	GlobalSection(SolutionConfigurationPlatforms) = preSolution
		Debug|Any CPU = Debug|Any CPU
		Release|Any CPU = Release|Any CPU
	EndGlobalSection
	GlobalSection(ProjectConfigurationPlatforms) = postSolution
		{41586873-21BC-4B4B-8E28-8DA4821E9E21}.Debug|Any CPU.ActiveCfg = Debug|Any CPU
		{41586873-21BC-4B4B-8E28-8DA4821E9E21}.Debug|Any CPU.Build.0 = Debug|Any CPU
		{41586873-21BC-4B4B-8E28-8DA4821E9E21}.Release|Any CPU.ActiveCfg = Release|Any CPU
		{41586873-21BC-4B4B-8E28-8DA4821E9E21}.Release|Any CPU.Build.0 = Release|Any CPU
	EndGlobalSection
	GlobalSection(SolutionProperties) = preSolution
		HideSolutionNode = FALSE
	EndGlobalSection
EndGlobal
