
Microsoft Visual Studio Solution File, Format Version 9.00
# Visual C# Express 2005
Project("{FAE04EC0-301F-11D3-BF4B-00C04F79EFBC}") = "DatabaseTest1", "DatabaseTest1\DatabaseTest1.csproj", "{823B78F3-ADD4-4025-9125-E2DA97B33707}"
EndProject
Global
	GlobalSection(SolutionConfigurationPlatforms) = preSolution
		Debug|Any CPU = Debug|Any CPU
		Release|Any CPU = Release|Any CPU
	EndGlobalSection
	GlobalSection(ProjectConfigurationPlatforms) = postSolution
		{823B78F3-ADD4-4025-9125-E2DA97B33707}.Debug|Any CPU.ActiveCfg = Debug|Any CPU
		{823B78F3-ADD4-4025-9125-E2DA97B33707}.Debug|Any CPU.Build.0 = Debug|Any CPU
		{823B78F3-ADD4-4025-9125-E2DA97B33707}.Release|Any CPU.ActiveCfg = Release|Any CPU
		{823B78F3-ADD4-4025-9125-E2DA97B33707}.Release|Any CPU.Build.0 = Release|Any CPU
	EndGlobalSection
	GlobalSection(SolutionProperties) = preSolution
		HideSolutionNode = FALSE
	EndGlobalSection
EndGlobal
