
Microsoft Visual Studio Solution File, Format Version 9.00
# Visual Studio 2005
Project("{FAE04EC0-301F-11D3-BF4B-00C04F79EFBC}") = "MaxOrdersTest", "MaxOrdersTest\MaxOrdersTest.csproj", "{BC98C7F9-2972-4D25-AD0C-4D1AF8029249}"
EndProject
Global
	GlobalSection(SolutionConfigurationPlatforms) = preSolution
		Debug|Any CPU = Debug|Any CPU
		Release|Any CPU = Release|Any CPU
	EndGlobalSection
	GlobalSection(ProjectConfigurationPlatforms) = postSolution
		{BC98C7F9-2972-4D25-AD0C-4D1AF8029249}.Debug|Any CPU.ActiveCfg = Debug|Any CPU
		{BC98C7F9-2972-4D25-AD0C-4D1AF8029249}.Debug|Any CPU.Build.0 = Debug|Any CPU
		{BC98C7F9-2972-4D25-AD0C-4D1AF8029249}.Release|Any CPU.ActiveCfg = Release|Any CPU
		{BC98C7F9-2972-4D25-AD0C-4D1AF8029249}.Release|Any CPU.Build.0 = Release|Any CPU
	EndGlobalSection
	GlobalSection(SolutionProperties) = preSolution
		HideSolutionNode = FALSE
	EndGlobalSection
EndGlobal
