
Microsoft Visual Studio Solution File, Format Version 9.00
# Visual Studio 2005
Project("{F184B08F-C81C-45F6-A57F-5ABD9991F28F}") = "RegularExpressions", "RegularExpressions\RegularExpressions.vbproj", "{1A489A23-B2CB-42F9-89EC-F001D250B357}"
EndProject
Global
	GlobalSection(SolutionConfigurationPlatforms) = preSolution
		Debug|Any CPU = Debug|Any CPU
		Release|Any CPU = Release|Any CPU
	EndGlobalSection
	GlobalSection(ProjectConfigurationPlatforms) = postSolution
		{1A489A23-B2CB-42F9-89EC-F001D250B357}.Debug|Any CPU.ActiveCfg = Debug|Any CPU
		{1A489A23-B2CB-42F9-89EC-F001D250B357}.Debug|Any CPU.Build.0 = Debug|Any CPU
		{1A489A23-B2CB-42F9-89EC-F001D250B357}.Release|Any CPU.ActiveCfg = Release|Any CPU
		{1A489A23-B2CB-42F9-89EC-F001D250B357}.Release|Any CPU.Build.0 = Release|Any CPU
	EndGlobalSection
	GlobalSection(SolutionProperties) = preSolution
		HideSolutionNode = FALSE
	EndGlobalSection
EndGlobal
