
Microsoft Visual Studio Solution File, Format Version 9.00
# Visual Basic Express 2005
Project("{F184B08F-C81C-45F6-A57F-5ABD9991F28F}") = "RegistryUtility", "RegistryUtility\RegistryUtility.vbproj", "{846DB51D-D3C1-46E4-B4D2-A73739FECD5A}"
EndProject
Global
	GlobalSection(SolutionConfigurationPlatforms) = preSolution
		Debug|Any CPU = Debug|Any CPU
		Release|Any CPU = Release|Any CPU
	EndGlobalSection
	GlobalSection(ProjectConfigurationPlatforms) = postSolution
		{846DB51D-D3C1-46E4-B4D2-A73739FECD5A}.Debug|Any CPU.ActiveCfg = Debug|Any CPU
		{846DB51D-D3C1-46E4-B4D2-A73739FECD5A}.Debug|Any CPU.Build.0 = Debug|Any CPU
		{846DB51D-D3C1-46E4-B4D2-A73739FECD5A}.Release|Any CPU.ActiveCfg = Release|Any CPU
		{846DB51D-D3C1-46E4-B4D2-A73739FECD5A}.Release|Any CPU.Build.0 = Release|Any CPU
	EndGlobalSection
	GlobalSection(SolutionProperties) = preSolution
		HideSolutionNode = FALSE
	EndGlobalSection
EndGlobal
