
Microsoft Visual Studio Solution File, Format Version 9.00
# Visual Studio 2005
Project("{FAE04EC0-301F-11D3-BF4B-00C04F79EFBC}") = "DA_Demo", "DA_Demo\DA_Demo.csproj", "{251D4BF4-C350-43B2-9E82-F3E70395B623}"
EndProject
Global
	GlobalSection(SolutionConfigurationPlatforms) = preSolution
		Debug|Any CPU = Debug|Any CPU
		Release|Any CPU = Release|Any CPU
	EndGlobalSection
	GlobalSection(ProjectConfigurationPlatforms) = postSolution
		{251D4BF4-C350-43B2-9E82-F3E70395B623}.Debug|Any CPU.ActiveCfg = Debug|Any CPU
		{251D4BF4-C350-43B2-9E82-F3E70395B623}.Debug|Any CPU.Build.0 = Debug|Any CPU
		{251D4BF4-C350-43B2-9E82-F3E70395B623}.Release|Any CPU.ActiveCfg = Release|Any CPU
		{251D4BF4-C350-43B2-9E82-F3E70395B623}.Release|Any CPU.Build.0 = Release|Any CPU
	EndGlobalSection
	GlobalSection(SolutionProperties) = preSolution
		HideSolutionNode = FALSE
	EndGlobalSection
EndGlobal
