
Microsoft Visual Studio Solution File, Format Version 9.00
# Visual C# Express 2005
Project("{FAE04EC0-301F-11D3-BF4B-00C04F79EFBC}") = "AutoTester", "AutoTester\AutoTester.csproj", "{269B5667-9560-47A0-9902-FD574905C58E}"
EndProject
Global
	GlobalSection(SolutionConfigurationPlatforms) = preSolution
		Debug|Any CPU = Debug|Any CPU
		Release|Any CPU = Release|Any CPU
	EndGlobalSection
	GlobalSection(ProjectConfigurationPlatforms) = postSolution
		{269B5667-9560-47A0-9902-FD574905C58E}.Debug|Any CPU.ActiveCfg = Debug|Any CPU
		{269B5667-9560-47A0-9902-FD574905C58E}.Debug|Any CPU.Build.0 = Debug|Any CPU
		{269B5667-9560-47A0-9902-FD574905C58E}.Release|Any CPU.ActiveCfg = Release|Any CPU
		{269B5667-9560-47A0-9902-FD574905C58E}.Release|Any CPU.Build.0 = Release|Any CPU
	EndGlobalSection
	GlobalSection(SolutionProperties) = preSolution
		HideSolutionNode = FALSE
	EndGlobalSection
EndGlobal
