
Microsoft Visual Studio Solution File, Format Version 9.00
# Visual C# Express 2005
Project("{FAE04EC0-301F-11D3-BF4B-00C04F79EFBC}") = "SynchronousTiming", "SynchronousTiming\SynchronousTiming.csproj", "{6593EFDF-1969-415F-BAE0-F8B13746D41A}"
EndProject
Global
	GlobalSection(SolutionConfigurationPlatforms) = preSolution
		Debug|Any CPU = Debug|Any CPU
		Release|Any CPU = Release|Any CPU
	EndGlobalSection
	GlobalSection(ProjectConfigurationPlatforms) = postSolution
		{6593EFDF-1969-415F-BAE0-F8B13746D41A}.Debug|Any CPU.ActiveCfg = Debug|Any CPU
		{6593EFDF-1969-415F-BAE0-F8B13746D41A}.Debug|Any CPU.Build.0 = Debug|Any CPU
		{6593EFDF-1969-415F-BAE0-F8B13746D41A}.Release|Any CPU.ActiveCfg = Release|Any CPU
		{6593EFDF-1969-415F-BAE0-F8B13746D41A}.Release|Any CPU.Build.0 = Release|Any CPU
	EndGlobalSection
	GlobalSection(SolutionProperties) = preSolution
		HideSolutionNode = FALSE
	EndGlobalSection
EndGlobal
